
Microsoft Visual Studio Solution File, Format Version 12.00
# Visual Studio 15
VisualStudioVersion = 15.0.28307.489
MinimumVisualStudioVersion = 10.0.40219.1
Project("{F184B08F-C81C-45F6-A57F-5ABD9991F28F}") = "WindowsApp1", "WindowsApp1\WindowsApp1.vbproj", "{A42007C6-24C8-45B0-AFC9-9CE3F0A93777}"
EndProject
Global
	GlobalSection(SolutionConfigurationPlatforms) = preSolution
		Debug|Any CPU = Debug|Any CPU
		Release|Any CPU = Release|Any CPU
	EndGlobalSection
	GlobalSection(ProjectConfigurationPlatforms) = postSolution
		{A42007C6-24C8-45B0-AFC9-9CE3F0A93777}.Debug|Any CPU.ActiveCfg = Debug|Any CPU
		{A42007C6-24C8-45B0-AFC9-9CE3F0A93777}.Debug|Any CPU.Build.0 = Debug|Any CPU
		{A42007C6-24C8-45B0-AFC9-9CE3F0A93777}.Release|Any CPU.ActiveCfg = Release|Any CPU
		{A42007C6-24C8-45B0-AFC9-9CE3F0A93777}.Release|Any CPU.Build.0 = Release|Any CPU
	EndGlobalSection
	GlobalSection(SolutionProperties) = preSolution
		HideSolutionNode = FALSE
	EndGlobalSection
	GlobalSection(ExtensibilityGlobals) = postSolution
		SolutionGuid = {ABBF74A9-F2D2-445C-9719-5857927DDB13}
	EndGlobalSection
EndGlobal
